// !$*UTF8*$!
{
	archiveVersion = 1;
	classes = {
	};
	objectVersion = 55;
	objects = {

/* Begin PBXBuildFile section */
		3CE92AF429999E6A0039D1CB /* multiMessagerApp.swift in Sources */ = {isa = PBXBuildFile; fileRef = 3CE92AF329999E6A0039D1CB /* multiMessagerApp.swift */; };
		3CE92AF629999E6A0039D1CB /* ContentView.swift in Sources */ = {isa = PBXBuildFile; fileRef = 3CE92AF529999E6A0039D1CB /* ContentView.swift */; };
		3CE92AF829999E6C0039D1CB /* Assets.xcassets in Resources */ = {isa = PBXBuildFile; fileRef = 3CE92AF729999E6C0039D1CB /* Assets.xcassets */; };
		3CE92AFB29999E6C0039D1CB /* Preview Assets.xcassets in Resources */ = {isa = PBXBuildFile; fileRef = 3CE92AFA29999E6C0039D1CB /* Preview Assets.xcassets */; };
		3CE92B0529999E6D0039D1CB /* multiMessagerTests.swift in Sources */ = {isa = PBXBuildFile; fileRef = 3CE92B0429999E6D0039D1CB /* multiMessagerTests.swift */; };
		3CE92B0F29999E6D0039D1CB /* multiMessagerUITests.swift in Sources */ = {isa = PBXBuildFile; fileRef = 3CE92B0E29999E6D0039D1CB /* multiMessagerUITests.swift */; };
		3CE92B1129999E6D0039D1CB /* multiMessagerUITestsLaunchTests.swift in Sources */ = {isa = PBXBuildFile; fileRef = 3CE92B1029999E6D0039D1CB /* multiMessagerUITestsLaunchTests.swift */; };
		3CE92B1F2999A1BD0039D1CB /* TextFieldStyling.swift in Sources */ = {isa = PBXBuildFile; fileRef = 3CE92B1E2999A1BD0039D1CB /* TextFieldStyling.swift */; };
/* End PBXBuildFile section */

/* Begin PBXContainerItemProxy section */
		3CE92B0129999E6D0039D1CB /* PBXContainerItemProxy */ = {
			isa = PBXContainerItemProxy;
			containerPortal = 3CE92AE829999E6A0039D1CB /* Project object */;
			proxyType = 1;
			remoteGlobalIDString = 3CE92AEF29999E6A0039D1CB;
			remoteInfo = multiMessager;
		};
		3CE92B0B29999E6D0039D1CB /* PBXContainerItemProxy */ = {
			isa = PBXContainerItemProxy;
			containerPortal = 3CE92AE829999E6A0039D1CB /* Project object */;
			proxyType = 1;
			remoteGlobalIDString = 3CE92AEF29999E6A0039D1CB;
			remoteInfo = multiMessager;
		};
/* End PBXContainerItemProxy section */

/* Begin PBXFileReference section */
		3CE92AF029999E6A0039D1CB /* multiMessager.app */ = {isa = PBXFileReference; explicitFileType = wrapper.application; includeInIndex = 0; path = multiMessager.app; sourceTree = BUILT_PRODUCTS_DIR; };
		3CE92AF329999E6A0039D1CB /* multiMessagerApp.swift */ = {isa = PBXFileReference; lastKnownFileType = sourcecode.swift; path = multiMessagerApp.swift; sourceTree = "<group>"; };
		3CE92AF529999E6A0039D1CB /* ContentView.swift */ = {isa = PBXFileReference; lastKnownFileType = sourcecode.swift; path = ContentView.swift; sourceTree = "<group>"; };
		3CE92AF729999E6C0039D1CB /* Assets.xcassets */ = {isa = PBXFileReference; lastKnownFileType = folder.assetcatalog; path = Assets.xcassets; sourceTree = "<group>"; };
		3CE92AFA29999E6C0039D1CB /* Preview Assets.xcassets */ = {isa = PBXFileReference; lastKnownFileType = folder.assetcatalog; path = "Preview Assets.xcassets"; sourceTree = "<group>"; };
		3CE92B0029999E6D0039D1CB /* multiMessagerTests.xctest */ = {isa = PBXFileReference; explicitFileType = wrapper.cfbundle; includeInIndex = 0; path = multiMessagerTests.xctest; sourceTree = BUILT_PRODUCTS_DIR; };
		3CE92B0429999E6D0039D1CB /* multiMessagerTests.swift */ = {isa = PBXFileReference; lastKnownFileType = sourcecode.swift; path = multiMessagerTests.swift; sourceTree = "<group>"; };
		3CE92B0A29999E6D0039D1CB /* multiMessagerUITests.xctest */ = {isa = PBXFileReference; explicitFileType = wrapper.cfbundle; includeInIndex = 0; path = multiMessagerUITests.xctest; sourceTree = BUILT_PRODUCTS_DIR; };
		3CE92B0E29999E6D0039D1CB /* multiMessagerUITests.swift */ = {isa = PBXFileReference; lastKnownFileType = sourcecode.swift; path = multiMessagerUITests.swift; sourceTree = "<group>"; };
		3CE92B1029999E6D0039D1CB /* multiMessagerUITestsLaunchTests.swift */ = {isa = PBXFileReference; lastKnownFileType = sourcecode.swift; path = multiMessagerUITestsLaunchTests.swift; sourceTree = "<group>"; };
		3CE92B1E2999A1BD0039D1CB /* TextFieldStyling.swift */ = {isa = PBXFileReference; lastKnownFileType = sourcecode.swift; path = TextFieldStyling.swift; sourceTree = "<group>"; };
/* End PBXFileReference section */

/* Begin PBXFrameworksBuildPhase section */
		3CE92AED29999E6A0039D1CB /* Frameworks */ = {
			isa = PBXFrameworksBuildPhase;
			buildActionMask = 2147483647;
			files = (
			);
			runOnlyForDeploymentPostprocessing = 0;
		};
		3CE92AFD29999E6D0039D1CB /* Frameworks */ = {
			isa = PBXFrameworksBuildPhase;
			buildActionMask = 2147483647;
			files = (
			);
			runOnlyForDeploymentPostprocessing = 0;
		};
		3CE92B0729999E6D0039D1CB /* Frameworks */ = {
			isa = PBXFrameworksBuildPhase;
			buildActionMask = 2147483647;
			files = (
			);
			runOnlyForDeploymentPostprocessing = 0;
		};
/* End PBXFrameworksBuildPhase section */

/* Begin PBXGroup section */
		3CE92AE729999E6A0039D1CB = {
			isa = PBXGroup;
			children = (
				3CE92AF229999E6A0039D1CB /* multiMessager */,
				3CE92B0329999E6D0039D1CB /* multiMessagerTests */,
				3CE92B0D29999E6D0039D1CB /* multiMessagerUITests */,
				3CE92AF129999E6A0039D1CB /* Products */,
			);
			sourceTree = "<group>";
		};
		3CE92AF129999E6A0039D1CB /* Products */ = {
			isa = PBXGroup;
			children = (
				3CE92AF029999E6A0039D1CB /* multiMessager.app */,
				3CE92B0029999E6D0039D1CB /* multiMessagerTests.xctest */,
				3CE92B0A29999E6D0039D1CB /* multiMessagerUITests.xctest */,
			);
			name = Products;
			sourceTree = "<group>";
		};
		3CE92AF229999E6A0039D1CB /* multiMessager */ = {
			isa = PBXGroup;
			children = (
				3CE92B1D2999A1A40039D1CB /* Styling */,
				3CE92AF329999E6A0039D1CB /* multiMessagerApp.swift */,
				3CE92AF529999E6A0039D1CB /* ContentView.swift */,
				3CE92AF729999E6C0039D1CB /* Assets.xcassets */,
				3CE92AF929999E6C0039D1CB /* Preview Content */,
			);
			path = multiMessager;
			sourceTree = "<group>";
		};
		3CE92AF929999E6C0039D1CB /* Preview Content */ = {
			isa = PBXGroup;
			children = (
				3CE92AFA29999E6C0039D1CB /* Preview Assets.xcassets */,
			);
			path = "Preview Content";
			sourceTree = "<group>";
		};
		3CE92B0329999E6D0039D1CB /* multiMessagerTests */ = {
			isa = PBXGroup;
			children = (
				3CE92B0429999E6D0039D1CB /* multiMessagerTests.swift */,
			);
			path = multiMessagerTests;
			sourceTree = "<group>";
		};
		3CE92B0D29999E6D0039D1CB /* multiMessagerUITests */ = {
			isa = PBXGroup;
			children = (
				3CE92B0E29999E6D0039D1CB /* multiMessagerUITests.swift */,
				3CE92B1029999E6D0039D1CB /* multiMessagerUITestsLaunchTests.swift */,
			);
			path = multiMessagerUITests;
			sourceTree = "<group>";
		};
		3CE92B1D2999A1A40039D1CB /* Styling */ = {
			isa = PBXGroup;
			children = (
				3CE92B1E2999A1BD0039D1CB /* TextFieldStyling.swift */,
			);
			path = Styling;
			sourceTree = "<group>";
		};
/* End PBXGroup section */

/* Begin PBXNativeTarget section */
		3CE92AEF29999E6A0039D1CB /* multiMessager */ = {
			isa = PBXNativeTarget;
			buildConfigurationList = 3CE92B1429999E6D0039D1CB /* Build configuration list for PBXNativeTarget "multiMessager" */;
			buildPhases = (
				3CE92AEC29999E6A0039D1CB /* Sources */,
				3CE92AED29999E6A0039D1CB /* Frameworks */,
				3CE92AEE29999E6A0039D1CB /* Resources */,
			);
			buildRules = (
			);
			dependencies = (
			);
			name = multiMessager;
			productName = multiMessager;
			productReference = 3CE92AF029999E6A0039D1CB /* multiMessager.app */;
			productType = "com.apple.product-type.application";
		};
		3CE92AFF29999E6D0039D1CB /* multiMessagerTests */ = {
			isa = PBXNativeTarget;
			buildConfigurationList = 3CE92B1729999E6D0039D1CB /* Build configuration list for PBXNativeTarget "multiMessagerTests" */;
			buildPhases = (
				3CE92AFC29999E6D0039D1CB /* Sources */,
				3CE92AFD29999E6D0039D1CB /* Frameworks */,
				3CE92AFE29999E6D0039D1CB /* Resources */,
			);
			buildRules = (
			);
			dependencies = (
				3CE92B0229999E6D0039D1CB /* PBXTargetDependency */,
			);
			name = multiMessagerTests;
			productName = multiMessagerTests;
			productReference = 3CE92B0029999E6D0039D1CB /* multiMessagerTests.xctest */;
			productType = "com.apple.product-type.bundle.unit-test";
		};
		3CE92B0929999E6D0039D1CB /* multiMessagerUITests */ = {
			isa = PBXNativeTarget;
			buildConfigurationList = 3CE92B1A29999E6D0039D1CB /* Build configuration list for PBXNativeTarget "multiMessagerUITests" */;
			buildPhases = (
				3CE92B0629999E6D0039D1CB /* Sources */,
				3CE92B0729999E6D0039D1CB /* Frameworks */,
				3CE92B0829999E6D0039D1CB /* Resources */,
			);
			buildRules = (
			);
			dependencies = (
				3CE92B0C29999E6D0039D1CB /* PBXTargetDependency */,
			);
			name = multiMessagerUITests;
			productName = multiMessagerUITests;
			productReference = 3CE92B0A29999E6D0039D1CB /* multiMessagerUITests.xctest */;
			productType = "com.apple.product-type.bundle.ui-testing";
		};
/* End PBXNativeTarget section */

/* Begin PBXProject section */
		3CE92AE829999E6A0039D1CB /* Project object */ = {
			isa = PBXProject;
			attributes = {
				BuildIndependentTargetsInParallel = 1;
				LastSwiftUpdateCheck = 1330;
				LastUpgradeCheck = 1330;
				TargetAttributes = {
					3CE92AEF29999E6A0039D1CB = {
						CreatedOnToolsVersion = 13.3;
					};
					3CE92AFF29999E6D0039D1CB = {
						CreatedOnToolsVersion = 13.3;
						TestTargetID = 3CE92AEF29999E6A0039D1CB;
					};
					3CE92B0929999E6D0039D1CB = {
						CreatedOnToolsVersion = 13.3;
						TestTargetID = 3CE92AEF29999E6A0039D1CB;
					};
				};
			};
			buildConfigurationList = 3CE92AEB29999E6A0039D1CB /* Build configuration list for PBXProject "multiMessager" */;
			compatibilityVersion = "Xcode 13.0";
			developmentRegion = en;
			hasScannedForEncodings = 0;
			knownRegions = (
				en,
				Base,
			);
			mainGroup = 3CE92AE729999E6A0039D1CB;
			productRefGroup = 3CE92AF129999E6A0039D1CB /* Products */;
			projectDirPath = "";
			projectRoot = "";
			targets = (
				3CE92AEF29999E6A0039D1CB /* multiMessager */,
				3CE92AFF29999E6D0039D1CB /* multiMessagerTests */,
				3CE92B0929999E6D0039D1CB /* multiMessagerUITests */,
			);
		};
/* End PBXProject section */

/* Begin PBXResourcesBuildPhase section */
		3CE92AEE29999E6A0039D1CB /* Resources */ = {
			isa = PBXResourcesBuildPhase;
			buildActionMask = 2147483647;
			files = (
				3CE92AFB29999E6C0039D1CB /* Preview Assets.xcassets in Resources */,
				3CE92AF829999E6C0039D1CB /* Assets.xcassets in Resources */,
			);
			runOnlyForDeploymentPostprocessing = 0;
		};
		3CE92AFE29999E6D0039D1CB /* Resources */ = {
			isa = PBXResourcesBuildPhase;
			buildActionMask = 2147483647;
			files = (
			);
			runOnlyForDeploymentPostprocessing = 0;
		};
		3CE92B0829999E6D0039D1CB /* Resources */ = {
			isa = PBXResourcesBuildPhase;
			buildActionMask = 2147483647;
			files = (
			);
			runOnlyForDeploymentPostprocessing = 0;
		};
/* End PBXResourcesBuildPhase section */

/* Begin PBXSourcesBuildPhase section */
		3CE92AEC29999E6A0039D1CB /* Sources */ = {
			isa = PBXSourcesBuildPhase;
			buildActionMask = 2147483647;
			files = (
				3CE92B1F2999A1BD0039D1CB /* TextFieldStyling.swift in Sources */,
				3CE92AF629999E6A0039D1CB /* ContentView.swift in Sources */,
				3CE92AF429999E6A0039D1CB /* multiMessagerApp.swift in Sources */,
			);
			runOnlyForDeploymentPostprocessing = 0;
		};
		3CE92AFC29999E6D0039D1CB /* Sources */ = {
			isa = PBXSourcesBuildPhase;
			buildActionMask = 2147483647;
			files = (
				3CE92B0529999E6D0039D1CB /* multiMessagerTests.swift in Sources */,
			);
			runOnlyForDeploymentPostprocessing = 0;
		};
		3CE92B0629999E6D0039D1CB /* Sources */ = {
			isa = PBXSourcesBuildPhase;
			buildActionMask = 2147483647;
			files = (
				3CE92B0F29999E6D0039D1CB /* multiMessagerUITests.swift in Sources */,
				3CE92B1129999E6D0039D1CB /* multiMessagerUITestsLaunchTests.swift in Sources */,
			);
			runOnlyForDeploymentPostprocessing = 0;
		};
/* End PBXSourcesBuildPhase section */

/* Begin PBXTargetDependency section */
		3CE92B0229999E6D0039D1CB /* PBXTargetDependency */ = {
			isa = PBXTargetDependency;
			target = 3CE92AEF29999E6A0039D1CB /* multiMessager */;
			targetProxy = 3CE92B0129999E6D0039D1CB /* PBXContainerItemProxy */;
		};
		3CE92B0C29999E6D0039D1CB /* PBXTargetDependency */ = {
			isa = PBXTargetDependency;
			target = 3CE92AEF29999E6A0039D1CB /* multiMessager */;
			targetProxy = 3CE92B0B29999E6D0039D1CB /* PBXContainerItemProxy */;
		};
/* End PBXTargetDependency section */

/* Begin XCBuildConfiguration section */
		3CE92B1229999E6D0039D1CB /* Debug */ = {
			isa = XCBuildConfiguration;
			buildSettings = {
				ALWAYS_SEARCH_USER_PATHS = NO;
				CLANG_ANALYZER_NONNULL = YES;
				CLANG_ANALYZER_NUMBER_OBJECT_CONVERSION = YES_AGGRESSIVE;
				CLANG_CXX_LANGUAGE_STANDARD = "gnu++17";
				CLANG_ENABLE_MODULES = YES;
				CLANG_ENABLE_OBJC_ARC = YES;
				CLANG_ENABLE_OBJC_WEAK = YES;
				CLANG_WARN_BLOCK_CAPTURE_AUTORELEASING = YES;
				CLANG_WARN_BOOL_CONVERSION = YES;
				CLANG_WARN_COMMA = YES;
				CLANG_WARN_CONSTANT_CONVERSION = YES;
				CLANG_WARN_DEPRECATED_OBJC_IMPLEMENTATIONS = YES;
				CLANG_WARN_DIRECT_OBJC_ISA_USAGE = YES_ERROR;
				CLANG_WARN_DOCUMENTATION_COMMENTS = YES;
				CLANG_WARN_EMPTY_BODY = YES;
				CLANG_WARN_ENUM_CONVERSION = YES;
				CLANG_WARN_INFINITE_RECURSION = YES;
				CLANG_WARN_INT_CONVERSION = YES;
				CLANG_WARN_NON_LITERAL_NULL_CONVERSION = YES;
				CLANG_WARN_OBJC_IMPLICIT_RETAIN_SELF = YES;
				CLANG_WARN_OBJC_LITERAL_CONVERSION = YES;
				CLANG_WARN_OBJC_ROOT_CLASS = YES_ERROR;
				CLANG_WARN_QUOTED_INCLUDE_IN_FRAMEWORK_HEADER = YES;
				CLANG_WARN_RANGE_LOOP_ANALYSIS = YES;
				CLANG_WARN_STRICT_PROTOTYPES = YES;
				CLANG_WARN_SUSPICIOUS_MOVE = YES;
				CLANG_WARN_UNGUARDED_AVAILABILITY = YES_AGGRESSIVE;
				CLANG_WARN_UNREACHABLE_CODE = YES;
				CLANG_WARN__DUPLICATE_METHOD_MATCH = YES;
				COPY_PHASE_STRIP = NO;
				DEBUG_INFORMATION_FORMAT = dwarf;
				ENABLE_STRICT_OBJC_MSGSEND = YES;
				ENABLE_TESTABILITY = YES;
				GCC_C_LANGUAGE_STANDARD = gnu11;
				GCC_DYNAMIC_NO_PIC = NO;
				GCC_NO_COMMON_BLOCKS = YES;
				GCC_OPTIMIZATION_LEVEL = 0;
				GCC_PREPROCESSOR_DEFINITIONS = (
					"DEBUG=1",
					"$(inherited)",
				);
				GCC_WARN_64_TO_32_BIT_CONVERSION = YES;
				GCC_WARN_ABOUT_RETURN_TYPE = YES_ERROR;
				GCC_WARN_UNDECLARED_SELECTOR = YES;
				GCC_WARN_UNINITIALIZED_AUTOS = YES_AGGRESSIVE;
				GCC_WARN_UNUSED_FUNCTION = YES;
				GCC_WARN_UNUSED_VARIABLE = YES;
				IPHONEOS_DEPLOYMENT_TARGET = 15.4;
				MTL_ENABLE_DEBUG_INFO = INCLUDE_SOURCE;
				MTL_FAST_MATH = YES;
				ONLY_ACTIVE_ARCH = YES;
				SDKROOT = iphoneos;
				SWIFT_ACTIVE_COMPILATION_CONDITIONS = DEBUG;
				SWIFT_OPTIMIZATION_LEVEL = "-Onone";
			};
			name = Debug;
		};
		3CE92B1329999E6D0039D1CB /* Release */ = {
			isa = XCBuildConfiguration;
			buildSettings = {
				ALWAYS_SEARCH_USER_PATHS = NO;
				CLANG_ANALYZER_NONNULL = YES;
				CLANG_ANALYZER_NUMBER_OBJECT_CONVERSION = YES_AGGRESSIVE;
				CLANG_CXX_LANGUAGE_STANDARD = "gnu++17";
				CLANG_ENABLE_MODULES = YES;
				CLANG_ENABLE_OBJC_ARC = YES;
				CLANG_ENABLE_OBJC_WEAK = YES;
				CLANG_WARN_BLOCK_CAPTURE_AUTORELEASING = YES;
				CLANG_WARN_BOOL_CONVERSION = YES;
				CLANG_WARN_COMMA = YES;
				CLANG_WARN_CONSTANT_CONVERSION = YES;
				CLANG_WARN_DEPRECATED_OBJC_IMPLEMENTATIONS = YES;
				CLANG_WARN_DIRECT_OBJC_ISA_USAGE = YES_ERROR;
				CLANG_WARN_DOCUMENTATION_COMMENTS = YES;
				CLANG_WARN_EMPTY_BODY = YES;
				CLANG_WARN_ENUM_CONVERSION = YES;
				CLANG_WARN_INFINITE_RECURSION = YES;
				CLANG_WARN_INT_CONVERSION = YES;
				CLANG_WARN_NON_LITERAL_NULL_CONVERSION = YES;
				CLANG_WARN_OBJC_IMPLICIT_RETAIN_SELF = YES;
				CLANG_WARN_OBJC_LITERAL_CONVERSION = YES;
				CLANG_WARN_OBJC_ROOT_CLASS = YES_ERROR;
				CLANG_WARN_QUOTED_INCLUDE_IN_FRAMEWORK_HEADER = YES;
				CLANG_WARN_RANGE_LOOP_ANALYSIS = YES;
				CLANG_WARN_STRICT_PROTOTYPES = YES;
				CLANG_WARN_SUSPICIOUS_MOVE = YES;
				CLANG_WARN_UNGUARDED_AVAILABILITY = YES_AGGRESSIVE;
				CLANG_WARN_UNREACHABLE_CODE = YES;
				CLANG_WARN__DUPLICATE_METHOD_MATCH = YES;
				COPY_PHASE_STRIP = NO;
				DEBUG_INFORMATION_FORMAT = "dwarf-with-dsym";
				ENABLE_NS_ASSERTIONS = NO;
				ENABLE_STRICT_OBJC_MSGSEND = YES;
				GCC_C_LANGUAGE_STANDARD = gnu11;
				GCC_NO_COMMON_BLOCKS = YES;
				GCC_WARN_64_TO_32_BIT_CONVERSION = YES;
				GCC_WARN_ABOUT_RETURN_TYPE = YES_ERROR;
				GCC_WARN_UNDECLARED_SELECTOR = YES;
				GCC_WARN_UNINITIALIZED_AUTOS = YES_AGGRESSIVE;
				GCC_WARN_UNUSED_FUNCTION = YES;
				GCC_WARN_UNUSED_VARIABLE = YES;
				IPHONEOS_DEPLOYMENT_TARGET = 15.4;
				MTL_ENABLE_DEBUG_INFO = NO;
				MTL_FAST_MATH = YES;
				SDKROOT = iphoneos;
				SWIFT_COMPILATION_MODE = wholemodule;
				SWIFT_OPTIMIZATION_LEVEL = "-O";
				VALIDATE_PRODUCT = YES;
			};
			name = Release;
		};
		3CE92B1529999E6D0039D1CB /* Debug */ = {
			isa = XCBuildConfiguration;
			buildSettings = {
				ASSETCATALOG_COMPILER_APPICON_NAME = AppIcon;
				ASSETCATALOG_COMPILER_GLOBAL_ACCENT_COLOR_NAME = AccentColor;
				CODE_SIGN_STYLE = Automatic;
				CURRENT_PROJECT_VERSION = 1;
				DEVELOPMENT_ASSET_PATHS = "\"multiMessager/Preview Content\"";
				DEVELOPMENT_TEAM = JMRZFXL92J;
				ENABLE_PREVIEWS = YES;
				GENERATE_INFOPLIST_FILE = YES;
				INFOPLIST_KEY_UIApplicationSceneManifest_Generation = YES;
				INFOPLIST_KEY_UIApplicationSupportsIndirectInputEvents = YES;
				INFOPLIST_KEY_UILaunchScreen_Generation = YES;
				INFOPLIST_KEY_UISupportedInterfaceOrientations_iPad = "UIInterfaceOrientationPortrait UIInterfaceOrientationPortraitUpsideDown UIInterfaceOrientationLandscapeLeft UIInterfaceOrientationLandscapeRight";
				INFOPLIST_KEY_UISupportedInterfaceOrientations_iPhone = "UIInterfaceOrientationPortrait UIInterfaceOrientationLandscapeLeft UIInterfaceOrientationLandscapeRight";
				LD_RUNPATH_SEARCH_PATHS = (
					"$(inherited)",
					"@executable_path/Frameworks",
				);
				MARKETING_VERSION = 1.0;
				PRODUCT_BUNDLE_IDENTIFIER = suburbia.multiMessager;
				PRODUCT_NAME = "$(TARGET_NAME)";
				SWIFT_EMIT_LOC_STRINGS = YES;
				SWIFT_VERSION = 5.0;
				TARGETED_DEVICE_FAMILY = "1,2";
			};
			name = Debug;
		};
		3CE92B1629999E6D0039D1CB /* Release */ = {
			isa = XCBuildConfiguration;
			buildSettings = {
				ASSETCATALOG_COMPILER_APPICON_NAME = AppIcon;
				ASSETCATALOG_COMPILER_GLOBAL_ACCENT_COLOR_NAME = AccentColor;
				CODE_SIGN_STYLE = Automatic;
				CURRENT_PROJECT_VERSION = 1;
				DEVELOPMENT_ASSET_PATHS = "\"multiMessager/Preview Content\"";
				DEVELOPMENT_TEAM = JMRZFXL92J;
				ENABLE_PREVIEWS = YES;
				GENERATE_INFOPLIST_FILE = YES;
				INFOPLIST_KEY_UIApplicationSceneManifest_Generation = YES;
				INFOPLIST_KEY_UIApplicationSupportsIndirectInputEvents = YES;
				INFOPLIST_KEY_UILaunchScreen_Generation = YES;
				INFOPLIST_KEY_UISupportedInterfaceOrientations_iPad = "UIInterfaceOrientationPortrait UIInterfaceOrientationPortraitUpsideDown UIInterfaceOrientationLandscapeLeft UIInterfaceOrientationLandscapeRight";
				INFOPLIST_KEY_UISupportedInterfaceOrientations_iPhone = "UIInterfaceOrientationPortrait UIInterfaceOrientationLandscapeLeft UIInterfaceOrientationLandscapeRight";
				LD_RUNPATH_SEARCH_PATHS = (
					"$(inherited)",
					"@executable_path/Frameworks",
				);
				MARKETING_VERSION = 1.0;
				PRODUCT_BUNDLE_IDENTIFIER = suburbia.multiMessager;
				PRODUCT_NAME = "$(TARGET_NAME)";
				SWIFT_EMIT_LOC_STRINGS = YES;
				SWIFT_VERSION = 5.0;
				TARGETED_DEVICE_FAMILY = "1,2";
			};
			name = Release;
		};
		3CE92B1829999E6D0039D1CB /* Debug */ = {
			isa = XCBuildConfiguration;
			buildSettings = {
				ALWAYS_EMBED_SWIFT_STANDARD_LIBRARIES = YES;
				BUNDLE_LOADER = "$(TEST_HOST)";
				CODE_SIGN_STYLE = Automatic;
				CURRENT_PROJECT_VERSION = 1;
				DEVELOPMENT_TEAM = JMRZFXL92J;
				GENERATE_INFOPLIST_FILE = YES;
				IPHONEOS_DEPLOYMENT_TARGET = 15.4;
				MARKETING_VERSION = 1.0;
				PRODUCT_BUNDLE_IDENTIFIER = suburbia.multiMessagerTests;
				PRODUCT_NAME = "$(TARGET_NAME)";
				SWIFT_EMIT_LOC_STRINGS = NO;
				SWIFT_VERSION = 5.0;
				TARGETED_DEVICE_FAMILY = "1,2";
				TEST_HOST = "$(BUILT_PRODUCTS_DIR)/multiMessager.app/multiMessager";
			};
			name = Debug;
		};
		3CE92B1929999E6D0039D1CB /* Release */ = {
			isa = XCBuildConfiguration;
			buildSettings = {
				ALWAYS_EMBED_SWIFT_STANDARD_LIBRARIES = YES;
				BUNDLE_LOADER = "$(TEST_HOST)";
				CODE_SIGN_STYLE = Automatic;
				CURRENT_PROJECT_VERSION = 1;
				DEVELOPMENT_TEAM = JMRZFXL92J;
				GENERATE_INFOPLIST_FILE = YES;
				IPHONEOS_DEPLOYMENT_TARGET = 15.4;
				MARKETING_VERSION = 1.0;
				PRODUCT_BUNDLE_IDENTIFIER = suburbia.multiMessagerTests;
				PRODUCT_NAME = "$(TARGET_NAME)";
				SWIFT_EMIT_LOC_STRINGS = NO;
				SWIFT_VERSION = 5.0;
				TARGETED_DEVICE_FAMILY = "1,2";
				TEST_HOST = "$(BUILT_PRODUCTS_DIR)/multiMessager.app/multiMessager";
			};
			name = Release;
		};
		3CE92B1B29999E6D0039D1CB /* Debug */ = {
			isa = XCBuildConfiguration;
			buildSettings = {
				ALWAYS_EMBED_SWIFT_STANDARD_LIBRARIES = YES;
				CODE_SIGN_STYLE = Automatic;
				CURRENT_PROJECT_VERSION = 1;
				DEVELOPMENT_TEAM = JMRZFXL92J;
				GENERATE_INFOPLIST_FILE = YES;
				MARKETING_VERSION = 1.0;
				PRODUCT_BUNDLE_IDENTIFIER = suburbia.multiMessagerUITests;
				PRODUCT_NAME = "$(TARGET_NAME)";
				SWIFT_EMIT_LOC_STRINGS = NO;
				SWIFT_VERSION = 5.0;
				TARGETED_DEVICE_FAMILY = "1,2";
				TEST_TARGET_NAME = multiMessager;
			};
			name = Debug;
		};
		3CE92B1C29999E6D0039D1CB /* Release */ = {
			isa = XCBuildConfiguration;
			buildSettings = {
				ALWAYS_EMBED_SWIFT_STANDARD_LIBRARIES = YES;
				CODE_SIGN_STYLE = Automatic;
				CURRENT_PROJECT_VERSION = 1;
				DEVELOPMENT_TEAM = JMRZFXL92J;
				GENERATE_INFOPLIST_FILE = YES;
				MARKETING_VERSION = 1.0;
				PRODUCT_BUNDLE_IDENTIFIER = suburbia.multiMessagerUITests;
				PRODUCT_NAME = "$(TARGET_NAME)";
				SWIFT_EMIT_LOC_STRINGS = NO;
				SWIFT_VERSION = 5.0;
				TARGETED_DEVICE_FAMILY = "1,2";
				TEST_TARGET_NAME = multiMessager;
			};
			name = Release;
		};
/* End XCBuildConfiguration section */

/* Begin XCConfigurationList section */
		3CE92AEB29999E6A0039D1CB /* Build configuration list for PBXProject "multiMessager" */ = {
			isa = XCConfigurationList;
			buildConfigurations = (
				3CE92B1229999E6D0039D1CB /* Debug */,
				3CE92B1329999E6D0039D1CB /* Release */,
			);
			defaultConfigurationIsVisible = 0;
			defaultConfigurationName = Release;
		};
		3CE92B1429999E6D0039D1CB /* Build configuration list for PBXNativeTarget "multiMessager" */ = {
			isa = XCConfigurationList;
			buildConfigurations = (
				3CE92B1529999E6D0039D1CB /* Debug */,
				3CE92B1629999E6D0039D1CB /* Release */,
			);
			defaultConfigurationIsVisible = 0;
			defaultConfigurationName = Release;
		};
		3CE92B1729999E6D0039D1CB /* Build configuration list for PBXNativeTarget "multiMessagerTests" */ = {
			isa = XCConfigurationList;
			buildConfigurations = (
				3CE92B1829999E6D0039D1CB /* Debug */,
				3CE92B1929999E6D0039D1CB /* Release */,
			);
			defaultConfigurationIsVisible = 0;
			defaultConfigurationName = Release;
		};
		3CE92B1A29999E6D0039D1CB /* Build configuration list for PBXNativeTarget "multiMessagerUITests" */ = {
			isa = XCConfigurationList;
			buildConfigurations = (
				3CE92B1B29999E6D0039D1CB /* Debug */,
				3CE92B1C29999E6D0039D1CB /* Release */,
			);
			defaultConfigurationIsVisible = 0;
			defaultConfigurationName = Release;
		};
/* End XCConfigurationList section */
	};
	rootObject = 3CE92AE829999E6A0039D1CB /* Project object */;
}
